
Microsoft Visual Studio Solution File, Format Version 12.00
# Visual Studio Version 17
VisualStudioVersion = 17.8.34511.84
MinimumVisualStudioVersion = 10.0.40219.1
Project("{FAE04EC0-301F-11D3-BF4B-00C04F79EFBC}") = "Processo_Compras_eps", "Processo_Compras_eps\Processo_Compras_eps.csproj", "{2AC23050-ACC1-403A-ADC6-56FA3B6B6E34}"
EndProject
Global
	GlobalSection(SolutionConfigurationPlatforms) = preSolution
		Debug|Any CPU = Debug|Any CPU
		Release|Any CPU = Release|Any CPU
	EndGlobalSection
	GlobalSection(ProjectConfigurationPlatforms) = postSolution
		{2AC23050-ACC1-403A-ADC6-56FA3B6B6E34}.Debug|Any CPU.ActiveCfg = Debug|Any CPU
		{2AC23050-ACC1-403A-ADC6-56FA3B6B6E34}.Debug|Any CPU.Build.0 = Debug|Any CPU
		{2AC23050-ACC1-403A-ADC6-56FA3B6B6E34}.Release|Any CPU.ActiveCfg = Release|Any CPU
		{2AC23050-ACC1-403A-ADC6-56FA3B6B6E34}.Release|Any CPU.Build.0 = Release|Any CPU
	EndGlobalSection
	GlobalSection(SolutionProperties) = preSolution
		HideSolutionNode = FALSE
	EndGlobalSection
	GlobalSection(ExtensibilityGlobals) = postSolution
		SolutionGuid = {49AC9FE0-EEF6-46A6-8262-CD08F2483485}
	EndGlobalSection
EndGlobal
